
Microsoft Visual Studio Solution File, Format Version 12.00
# Visual Studio 15
VisualStudioVersion = 15.0.26730.15
MinimumVisualStudioVersion = 10.0.40219.1
Project("{FAE04EC0-301F-11D3-BF4B-00C04F79EFBC}") = "ManipulateList", "ManipulateList\ManipulateList.csproj", "{A4BEAAB3-D09C-4529-A356-5ACDE598B921}"
EndProject
Global
	GlobalSection(SolutionConfigurationPlatforms) = preSolution
		Debug|Any CPU = Debug|Any CPU
		Release|Any CPU = Release|Any CPU
	EndGlobalSection
	GlobalSection(ProjectConfigurationPlatforms) = postSolution
		{A4BEAAB3-D09C-4529-A356-5ACDE598B921}.Debug|Any CPU.ActiveCfg = Debug|Any CPU
		{A4BEAAB3-D09C-4529-A356-5ACDE598B921}.Debug|Any CPU.Build.0 = Debug|Any CPU
		{A4BEAAB3-D09C-4529-A356-5ACDE598B921}.Release|Any CPU.ActiveCfg = Release|Any CPU
		{A4BEAAB3-D09C-4529-A356-5ACDE598B921}.Release|Any CPU.Build.0 = Release|Any CPU
	EndGlobalSection
	GlobalSection(SolutionProperties) = preSolution
		HideSolutionNode = FALSE
	EndGlobalSection
	GlobalSection(ExtensibilityGlobals) = postSolution
		SolutionGuid = {C4623683-6B79-4FE5-BB38-D536287CFA27}
	EndGlobalSection
EndGlobal
